
Microsoft Visual Studio Solution File, Format Version 12.00
# Visual Studio Version 17
VisualStudioVersion = 17.9.34728.123
MinimumVisualStudioVersion = 10.0.40219.1
Project("{FAE04EC0-301F-11D3-BF4B-00C04F79EFBC}") = "NetworkUtility", "NetworkUtility.csproj", "{12E0E365-5B3B-4D32-9890-30EF24C0C1EA}"
EndProject
Project("{FAE04EC0-301F-11D3-BF4B-00C04F79EFBC}") = "NetworkUtitity.Tests", "..\NetworkUtitity.Tests\NetworkUtitity.Tests.csproj", "{FAC69BC0-2919-4326-84AA-D4DCCAAC24C4}"
EndProject
Global
	GlobalSection(SolutionConfigurationPlatforms) = preSolution
		Debug|Any CPU = Debug|Any CPU
		Release|Any CPU = Release|Any CPU
	EndGlobalSection
	GlobalSection(ProjectConfigurationPlatforms) = postSolution
		{12E0E365-5B3B-4D32-9890-30EF24C0C1EA}.Debug|Any CPU.ActiveCfg = Debug|Any CPU
		{12E0E365-5B3B-4D32-9890-30EF24C0C1EA}.Debug|Any CPU.Build.0 = Debug|Any CPU
		{12E0E365-5B3B-4D32-9890-30EF24C0C1EA}.Release|Any CPU.ActiveCfg = Release|Any CPU
		{12E0E365-5B3B-4D32-9890-30EF24C0C1EA}.Release|Any CPU.Build.0 = Release|Any CPU
		{FAC69BC0-2919-4326-84AA-D4DCCAAC24C4}.Debug|Any CPU.ActiveCfg = Debug|Any CPU
		{FAC69BC0-2919-4326-84AA-D4DCCAAC24C4}.Debug|Any CPU.Build.0 = Debug|Any CPU
		{FAC69BC0-2919-4326-84AA-D4DCCAAC24C4}.Release|Any CPU.ActiveCfg = Release|Any CPU
		{FAC69BC0-2919-4326-84AA-D4DCCAAC24C4}.Release|Any CPU.Build.0 = Release|Any CPU
	EndGlobalSection
	GlobalSection(SolutionProperties) = preSolution
		HideSolutionNode = FALSE
	EndGlobalSection
	GlobalSection(ExtensibilityGlobals) = postSolution
		SolutionGuid = {2F4A846D-A023-4D91-928B-4A20750EA167}
	EndGlobalSection
EndGlobal
